
Microsoft Visual Studio Solution File, Format Version 12.00
# Visual Studio Version 16
VisualStudioVersion = 16.0.30323.103
MinimumVisualStudioVersion = 10.0.40219.1
Project("{FAE04EC0-301F-11D3-BF4B-00C04F79EFBC}") = "SteamIconGetter", "SteamIconGetter.csproj", "{2336370A-7B79-48E3-B50E-9C08F7B6FA97}"
EndProject
Global
	GlobalSection(SolutionConfigurationPlatforms) = preSolution
		Debug|Any CPU = Debug|Any CPU
		Release|Any CPU = Release|Any CPU
	EndGlobalSection
	GlobalSection(ProjectConfigurationPlatforms) = postSolution
		{2336370A-7B79-48E3-B50E-9C08F7B6FA97}.Debug|Any CPU.ActiveCfg = Debug|Any CPU
		{2336370A-7B79-48E3-B50E-9C08F7B6FA97}.Debug|Any CPU.Build.0 = Debug|Any CPU
		{2336370A-7B79-48E3-B50E-9C08F7B6FA97}.Release|Any CPU.ActiveCfg = Release|Any CPU
		{2336370A-7B79-48E3-B50E-9C08F7B6FA97}.Release|Any CPU.Build.0 = Release|Any CPU
	EndGlobalSection
	GlobalSection(SolutionProperties) = preSolution
		HideSolutionNode = FALSE
	EndGlobalSection
	GlobalSection(ExtensibilityGlobals) = postSolution
		SolutionGuid = {D2AA44D1-7DB4-4E91-AD99-459B7FC341BC}
	EndGlobalSection
EndGlobal
